
Microsoft Visual Studio Solution File, Format Version 12.00
# Visual Studio Version 16
VisualStudioVersion = 16.0.31605.320
MinimumVisualStudioVersion = 10.0.40219.1
Project("{FAE04EC0-301F-11D3-BF4B-00C04F79EFBC}") = "StringManipulationGenerator", "StringManipulationGenerator\StringManipulationGenerator.csproj", "{4401C37B-E3C4-4521-A3A7-52BEA280D766}"
EndProject
Global
	GlobalSection(SolutionConfigurationPlatforms) = preSolution
		Debug|Any CPU = Debug|Any CPU
		Release|Any CPU = Release|Any CPU
	EndGlobalSection
	GlobalSection(ProjectConfigurationPlatforms) = postSolution
		{4401C37B-E3C4-4521-A3A7-52BEA280D766}.Debug|Any CPU.ActiveCfg = Debug|Any CPU
		{4401C37B-E3C4-4521-A3A7-52BEA280D766}.Debug|Any CPU.Build.0 = Debug|Any CPU
		{4401C37B-E3C4-4521-A3A7-52BEA280D766}.Release|Any CPU.ActiveCfg = Release|Any CPU
		{4401C37B-E3C4-4521-A3A7-52BEA280D766}.Release|Any CPU.Build.0 = Release|Any CPU
	EndGlobalSection
	GlobalSection(SolutionProperties) = preSolution
		HideSolutionNode = FALSE
	EndGlobalSection
	GlobalSection(ExtensibilityGlobals) = postSolution
		SolutionGuid = {D3572EDB-B9EA-4F0E-A0B2-19EFE8D86A6B}
	EndGlobalSection
EndGlobal
